// !$*UTF8*$!
{
	archiveVersion = 1;
	classes = {
	};
	objectVersion = 50;
	objects = {

/* Begin PBXBuildFile section */
		553674DB26D7ED4A008D26BD /* Br.swift in Sources */ = {isa = PBXBuildFile; fileRef = 553674DA26D7ED4A008D26BD /* Br.swift */; };
		553674DD26E005F0008D26BD /* vm_padding.swift in Sources */ = {isa = PBXBuildFile; fileRef = 553674DC26E005EF008D26BD /* vm_padding.swift */; };
		553674DF26E005FC008D26BD /* vm_border_r.swift in Sources */ = {isa = PBXBuildFile; fileRef = 553674DE26E005FB008D26BD /* vm_border_r.swift */; };
		553674E126E00730008D26BD /* AskedNumber.swift in Sources */ = {isa = PBXBuildFile; fileRef = 553674E026E00730008D26BD /* AskedNumber.swift */; };
		553674E326E00C3A008D26BD /* vm_pad.swift in Sources */ = {isa = PBXBuildFile; fileRef = 553674E226E00C3A008D26BD /* vm_pad.swift */; };
		553674E526E00C47008D26BD /* padContent.swift in Sources */ = {isa = PBXBuildFile; fileRef = 553674E426E00C47008D26BD /* padContent.swift */; };
		5578FD7D25C25AC4007F4573 /* MultiplicationGameApp.swift in Sources */ = {isa = PBXBuildFile; fileRef = 5578FD7C25C25AC4007F4573 /* MultiplicationGameApp.swift */; };
		5578FD7F25C25AC4007F4573 /* ContentView.swift in Sources */ = {isa = PBXBuildFile; fileRef = 5578FD7E25C25AC4007F4573 /* ContentView.swift */; };
		5578FD8125C25AC6007F4573 /* Assets.xcassets in Resources */ = {isa = PBXBuildFile; fileRef = 5578FD8025C25AC6007F4573 /* Assets.xcassets */; };
		5578FD8425C25AC6007F4573 /* Preview Assets.xcassets in Resources */ = {isa = PBXBuildFile; fileRef = 5578FD8325C25AC6007F4573 /* Preview Assets.xcassets */; };
/* End PBXBuildFile section */

/* Begin PBXFileReference section */
		553674DA26D7ED4A008D26BD /* Br.swift */ = {isa = PBXFileReference; fileEncoding = 4; lastKnownFileType = sourcecode.swift; path = Br.swift; sourceTree = "<group>"; };
		553674DC26E005EF008D26BD /* vm_padding.swift */ = {isa = PBXFileReference; fileEncoding = 4; lastKnownFileType = sourcecode.swift; path = vm_padding.swift; sourceTree = "<group>"; };
		553674DE26E005FB008D26BD /* vm_border_r.swift */ = {isa = PBXFileReference; fileEncoding = 4; lastKnownFileType = sourcecode.swift; path = vm_border_r.swift; sourceTree = "<group>"; };
		553674E026E00730008D26BD /* AskedNumber.swift */ = {isa = PBXFileReference; fileEncoding = 4; lastKnownFileType = sourcecode.swift; path = AskedNumber.swift; sourceTree = "<group>"; };
		553674E226E00C3A008D26BD /* vm_pad.swift */ = {isa = PBXFileReference; fileEncoding = 4; lastKnownFileType = sourcecode.swift; path = vm_pad.swift; sourceTree = "<group>"; };
		553674E426E00C47008D26BD /* padContent.swift */ = {isa = PBXFileReference; fileEncoding = 4; lastKnownFileType = sourcecode.swift; path = padContent.swift; sourceTree = "<group>"; };
		5578FD7925C25AC4007F4573 /* MultiplicationGame.app */ = {isa = PBXFileReference; explicitFileType = wrapper.application; includeInIndex = 0; path = MultiplicationGame.app; sourceTree = BUILT_PRODUCTS_DIR; };
		5578FD7C25C25AC4007F4573 /* MultiplicationGameApp.swift */ = {isa = PBXFileReference; lastKnownFileType = sourcecode.swift; path = MultiplicationGameApp.swift; sourceTree = "<group>"; };
		5578FD7E25C25AC4007F4573 /* ContentView.swift */ = {isa = PBXFileReference; lastKnownFileType = sourcecode.swift; path = ContentView.swift; sourceTree = "<group>"; };
		5578FD8025C25AC6007F4573 /* Assets.xcassets */ = {isa = PBXFileReference; lastKnownFileType = folder.assetcatalog; path = Assets.xcassets; sourceTree = "<group>"; };
		5578FD8325C25AC6007F4573 /* Preview Assets.xcassets */ = {isa = PBXFileReference; lastKnownFileType = folder.assetcatalog; path = "Preview Assets.xcassets"; sourceTree = "<group>"; };
		5578FD8525C25AC6007F4573 /* Info.plist */ = {isa = PBXFileReference; lastKnownFileType = text.plist.xml; path = Info.plist; sourceTree = "<group>"; };
/* End PBXFileReference section */

/* Begin PBXFrameworksBuildPhase section */
		5578FD7625C25AC4007F4573 /* Frameworks */ = {
			isa = PBXFrameworksBuildPhase;
			buildActionMask = 2147483647;
			files = (
			);
			runOnlyForDeploymentPostprocessing = 0;
		};
/* End PBXFrameworksBuildPhase section */

/* Begin PBXGroup section */
		5578FD7025C25AC4007F4573 = {
			isa = PBXGroup;
			children = (
				5578FD7B25C25AC4007F4573 /* MultiplicationGame */,
				5578FD7A25C25AC4007F4573 /* Products */,
			);
			sourceTree = "<group>";
		};
		5578FD7A25C25AC4007F4573 /* Products */ = {
			isa = PBXGroup;
			children = (
				5578FD7925C25AC4007F4573 /* MultiplicationGame.app */,
			);
			name = Products;
			sourceTree = "<group>";
		};
		5578FD7B25C25AC4007F4573 /* MultiplicationGame */ = {
			isa = PBXGroup;
			children = (
				5578FD7C25C25AC4007F4573 /* MultiplicationGameApp.swift */,
				5578FD7E25C25AC4007F4573 /* ContentView.swift */,
				553674E026E00730008D26BD /* AskedNumber.swift */,
				553674DA26D7ED4A008D26BD /* Br.swift */,
				553674DC26E005EF008D26BD /* vm_padding.swift */,
				553674DE26E005FB008D26BD /* vm_border_r.swift */,
				553674E226E00C3A008D26BD /* vm_pad.swift */,
				553674E426E00C47008D26BD /* padContent.swift */,
				5578FD8025C25AC6007F4573 /* Assets.xcassets */,
				5578FD8525C25AC6007F4573 /* Info.plist */,
				5578FD8225C25AC6007F4573 /* Preview Content */,
			);
			path = MultiplicationGame;
			sourceTree = "<group>";
		};
		5578FD8225C25AC6007F4573 /* Preview Content */ = {
			isa = PBXGroup;
			children = (
				5578FD8325C25AC6007F4573 /* Preview Assets.xcassets */,
			);
			path = "Preview Content";
			sourceTree = "<group>";
		};
/* End PBXGroup section */

/* Begin PBXNativeTarget section */
		5578FD7825C25AC4007F4573 /* MultiplicationGame */ = {
			isa = PBXNativeTarget;
			buildConfigurationList = 5578FD8825C25AC6007F4573 /* Build configuration list for PBXNativeTarget "MultiplicationGame" */;
			buildPhases = (
				5578FD7525C25AC4007F4573 /* Sources */,
				5578FD7625C25AC4007F4573 /* Frameworks */,
				5578FD7725C25AC4007F4573 /* Resources */,
			);
			buildRules = (
			);
			dependencies = (
			);
			name = MultiplicationGame;
			productName = MultiplicationGame;
			productReference = 5578FD7925C25AC4007F4573 /* MultiplicationGame.app */;
			productType = "com.apple.product-type.application";
		};
/* End PBXNativeTarget section */

/* Begin PBXProject section */
		5578FD7125C25AC4007F4573 /* Project object */ = {
			isa = PBXProject;
			attributes = {
				LastSwiftUpdateCheck = 1220;
				LastUpgradeCheck = 1220;
				TargetAttributes = {
					5578FD7825C25AC4007F4573 = {
						CreatedOnToolsVersion = 12.2;
					};
				};
			};
			buildConfigurationList = 5578FD7425C25AC4007F4573 /* Build configuration list for PBXProject "MultiplicationGame" */;
			compatibilityVersion = "Xcode 9.3";
			developmentRegion = en;
			hasScannedForEncodings = 0;
			knownRegions = (
				en,
				Base,
			);
			mainGroup = 5578FD7025C25AC4007F4573;
			productRefGroup = 5578FD7A25C25AC4007F4573 /* Products */;
			projectDirPath = "";
			projectRoot = "";
			targets = (
				5578FD7825C25AC4007F4573 /* MultiplicationGame */,
			);
		};
/* End PBXProject section */

/* Begin PBXResourcesBuildPhase section */
		5578FD7725C25AC4007F4573 /* Resources */ = {
			isa = PBXResourcesBuildPhase;
			buildActionMask = 2147483647;
			files = (
				5578FD8425C25AC6007F4573 /* Preview Assets.xcassets in Resources */,
				5578FD8125C25AC6007F4573 /* Assets.xcassets in Resources */,
			);
			runOnlyForDeploymentPostprocessing = 0;
		};
/* End PBXResourcesBuildPhase section */

/* Begin PBXSourcesBuildPhase section */
		5578FD7525C25AC4007F4573 /* Sources */ = {
			isa = PBXSourcesBuildPhase;
			buildActionMask = 2147483647;
			files = (
				553674DD26E005F0008D26BD /* vm_padding.swift in Sources */,
				5578FD7F25C25AC4007F4573 /* ContentView.swift in Sources */,
				5578FD7D25C25AC4007F4573 /* MultiplicationGameApp.swift in Sources */,
				553674E526E00C47008D26BD /* padContent.swift in Sources */,
				553674E126E00730008D26BD /* AskedNumber.swift in Sources */,
				553674DB26D7ED4A008D26BD /* Br.swift in Sources */,
				553674E326E00C3A008D26BD /* vm_pad.swift in Sources */,
				553674DF26E005FC008D26BD /* vm_border_r.swift in Sources */,
			);
			runOnlyForDeploymentPostprocessing = 0;
		};
/* End PBXSourcesBuildPhase section */

/* Begin XCBuildConfiguration section */
		5578FD8625C25AC6007F4573 /* Debug */ = {
			isa = XCBuildConfiguration;
			buildSettings = {
				ALWAYS_SEARCH_USER_PATHS = NO;
				CLANG_ANALYZER_NONNULL = YES;
				CLANG_ANALYZER_NUMBER_OBJECT_CONVERSION = YES_AGGRESSIVE;
				CLANG_CXX_LANGUAGE_STANDARD = "gnu++14";
				CLANG_CXX_LIBRARY = "libc++";
				CLANG_ENABLE_MODULES = YES;
				CLANG_ENABLE_OBJC_ARC = YES;
				CLANG_ENABLE_OBJC_WEAK = YES;
				CLANG_WARN_BLOCK_CAPTURE_AUTORELEASING = YES;
				CLANG_WARN_BOOL_CONVERSION = YES;
				CLANG_WARN_COMMA = YES;
				CLANG_WARN_CONSTANT_CONVERSION = YES;
				CLANG_WARN_DEPRECATED_OBJC_IMPLEMENTATIONS = YES;
				CLANG_WARN_DIRECT_OBJC_ISA_USAGE = YES_ERROR;
				CLANG_WARN_DOCUMENTATION_COMMENTS = YES;
				CLANG_WARN_EMPTY_BODY = YES;
				CLANG_WARN_ENUM_CONVERSION = YES;
				CLANG_WARN_INFINITE_RECURSION = YES;
				CLANG_WARN_INT_CONVERSION = YES;
				CLANG_WARN_NON_LITERAL_NULL_CONVERSION = YES;
				CLANG_WARN_OBJC_IMPLICIT_RETAIN_SELF = YES;
				CLANG_WARN_OBJC_LITERAL_CONVERSION = YES;
				CLANG_WARN_OBJC_ROOT_CLASS = YES_ERROR;
				CLANG_WARN_QUOTED_INCLUDE_IN_FRAMEWORK_HEADER = YES;
				CLANG_WARN_RANGE_LOOP_ANALYSIS = YES;
				CLANG_WARN_STRICT_PROTOTYPES = YES;
				CLANG_WARN_SUSPICIOUS_MOVE = YES;
				CLANG_WARN_UNGUARDED_AVAILABILITY = YES_AGGRESSIVE;
				CLANG_WARN_UNREACHABLE_CODE = YES;
				CLANG_WARN__DUPLICATE_METHOD_MATCH = YES;
				COPY_PHASE_STRIP = NO;
				DEBUG_INFORMATION_FORMAT = dwarf;
				ENABLE_STRICT_OBJC_MSGSEND = YES;
				ENABLE_TESTABILITY = YES;
				GCC_C_LANGUAGE_STANDARD = gnu11;
				GCC_DYNAMIC_NO_PIC = NO;
				GCC_NO_COMMON_BLOCKS = YES;
				GCC_OPTIMIZATION_LEVEL = 0;
				GCC_PREPROCESSOR_DEFINITIONS = (
					"DEBUG=1",
					"$(inherited)",
				);
				GCC_WARN_64_TO_32_BIT_CONVERSION = YES;
				GCC_WARN_ABOUT_RETURN_TYPE = YES_ERROR;
				GCC_WARN_UNDECLARED_SELECTOR = YES;
				GCC_WARN_UNINITIALIZED_AUTOS = YES_AGGRESSIVE;
				GCC_WARN_UNUSED_FUNCTION = YES;
				GCC_WARN_UNUSED_VARIABLE = YES;
				IPHONEOS_DEPLOYMENT_TARGET = 14.2;
				MTL_ENABLE_DEBUG_INFO = INCLUDE_SOURCE;
				MTL_FAST_MATH = YES;
				ONLY_ACTIVE_ARCH = YES;
				SDKROOT = iphoneos;
				SWIFT_ACTIVE_COMPILATION_CONDITIONS = DEBUG;
				SWIFT_OPTIMIZATION_LEVEL = "-Onone";
			};
			name = Debug;
		};
		5578FD8725C25AC6007F4573 /* Release */ = {
			isa = XCBuildConfiguration;
			buildSettings = {
				ALWAYS_SEARCH_USER_PATHS = NO;
				CLANG_ANALYZER_NONNULL = YES;
				CLANG_ANALYZER_NUMBER_OBJECT_CONVERSION = YES_AGGRESSIVE;
				CLANG_CXX_LANGUAGE_STANDARD = "gnu++14";
				CLANG_CXX_LIBRARY = "libc++";
				CLANG_ENABLE_MODULES = YES;
				CLANG_ENABLE_OBJC_ARC = YES;
				CLANG_ENABLE_OBJC_WEAK = YES;
				CLANG_WARN_BLOCK_CAPTURE_AUTORELEASING = YES;
				CLANG_WARN_BOOL_CONVERSION = YES;
				CLANG_WARN_COMMA = YES;
				CLANG_WARN_CONSTANT_CONVERSION = YES;
				CLANG_WARN_DEPRECATED_OBJC_IMPLEMENTATIONS = YES;
				CLANG_WARN_DIRECT_OBJC_ISA_USAGE = YES_ERROR;
				CLANG_WARN_DOCUMENTATION_COMMENTS = YES;
				CLANG_WARN_EMPTY_BODY = YES;
				CLANG_WARN_ENUM_CONVERSION = YES;
				CLANG_WARN_INFINITE_RECURSION = YES;
				CLANG_WARN_INT_CONVERSION = YES;
				CLANG_WARN_NON_LITERAL_NULL_CONVERSION = YES;
				CLANG_WARN_OBJC_IMPLICIT_RETAIN_SELF = YES;
				CLANG_WARN_OBJC_LITERAL_CONVERSION = YES;
				CLANG_WARN_OBJC_ROOT_CLASS = YES_ERROR;
				CLANG_WARN_QUOTED_INCLUDE_IN_FRAMEWORK_HEADER = YES;
				CLANG_WARN_RANGE_LOOP_ANALYSIS = YES;
				CLANG_WARN_STRICT_PROTOTYPES = YES;
				CLANG_WARN_SUSPICIOUS_MOVE = YES;
				CLANG_WARN_UNGUARDED_AVAILABILITY = YES_AGGRESSIVE;
				CLANG_WARN_UNREACHABLE_CODE = YES;
				CLANG_WARN__DUPLICATE_METHOD_MATCH = YES;
				COPY_PHASE_STRIP = NO;
				DEBUG_INFORMATION_FORMAT = "dwarf-with-dsym";
				ENABLE_NS_ASSERTIONS = NO;
				ENABLE_STRICT_OBJC_MSGSEND = YES;
				GCC_C_LANGUAGE_STANDARD = gnu11;
				GCC_NO_COMMON_BLOCKS = YES;
				GCC_WARN_64_TO_32_BIT_CONVERSION = YES;
				GCC_WARN_ABOUT_RETURN_TYPE = YES_ERROR;
				GCC_WARN_UNDECLARED_SELECTOR = YES;
				GCC_WARN_UNINITIALIZED_AUTOS = YES_AGGRESSIVE;
				GCC_WARN_UNUSED_FUNCTION = YES;
				GCC_WARN_UNUSED_VARIABLE = YES;
				IPHONEOS_DEPLOYMENT_TARGET = 14.2;
				MTL_ENABLE_DEBUG_INFO = NO;
				MTL_FAST_MATH = YES;
				SDKROOT = iphoneos;
				SWIFT_COMPILATION_MODE = wholemodule;
				SWIFT_OPTIMIZATION_LEVEL = "-O";
				VALIDATE_PRODUCT = YES;
			};
			name = Release;
		};
		5578FD8925C25AC6007F4573 /* Debug */ = {
			isa = XCBuildConfiguration;
			buildSettings = {
				ASSETCATALOG_COMPILER_APPICON_NAME = AppIcon;
				ASSETCATALOG_COMPILER_GLOBAL_ACCENT_COLOR_NAME = AccentColor;
				CODE_SIGN_STYLE = Automatic;
				DEVELOPMENT_ASSET_PATHS = "\"MultiplicationGame/Preview Content\"";
				DEVELOPMENT_TEAM = 4BKTHAXDJZ;
				ENABLE_PREVIEWS = YES;
				INFOPLIST_FILE = MultiplicationGame/Info.plist;
				IPHONEOS_DEPLOYMENT_TARGET = 14.0;
				LD_RUNPATH_SEARCH_PATHS = (
					"$(inherited)",
					"@executable_path/Frameworks",
				);
				PRODUCT_BUNDLE_IDENTIFIER = com.alisongorman.MultiplicationGame;
				PRODUCT_NAME = "$(TARGET_NAME)";
				SWIFT_VERSION = 5.0;
				TARGETED_DEVICE_FAMILY = "1,2";
			};
			name = Debug;
		};
		5578FD8A25C25AC6007F4573 /* Release */ = {
			isa = XCBuildConfiguration;
			buildSettings = {
				ASSETCATALOG_COMPILER_APPICON_NAME = AppIcon;
				ASSETCATALOG_COMPILER_GLOBAL_ACCENT_COLOR_NAME = AccentColor;
				CODE_SIGN_STYLE = Automatic;
				DEVELOPMENT_ASSET_PATHS = "\"MultiplicationGame/Preview Content\"";
				DEVELOPMENT_TEAM = 4BKTHAXDJZ;
				ENABLE_PREVIEWS = YES;
				INFOPLIST_FILE = MultiplicationGame/Info.plist;
				IPHONEOS_DEPLOYMENT_TARGET = 14.0;
				LD_RUNPATH_SEARCH_PATHS = (
					"$(inherited)",
					"@executable_path/Frameworks",
				);
				PRODUCT_BUNDLE_IDENTIFIER = com.alisongorman.MultiplicationGame;
				PRODUCT_NAME = "$(TARGET_NAME)";
				SWIFT_VERSION = 5.0;
				TARGETED_DEVICE_FAMILY = "1,2";
			};
			name = Release;
		};
/* End XCBuildConfiguration section */

/* Begin XCConfigurationList section */
		5578FD7425C25AC4007F4573 /* Build configuration list for PBXProject "MultiplicationGame" */ = {
			isa = XCConfigurationList;
			buildConfigurations = (
				5578FD8625C25AC6007F4573 /* Debug */,
				5578FD8725C25AC6007F4573 /* Release */,
			);
			defaultConfigurationIsVisible = 0;
			defaultConfigurationName = Release;
		};
		5578FD8825C25AC6007F4573 /* Build configuration list for PBXNativeTarget "MultiplicationGame" */ = {
			isa = XCConfigurationList;
			buildConfigurations = (
				5578FD8925C25AC6007F4573 /* Debug */,
				5578FD8A25C25AC6007F4573 /* Release */,
			);
			defaultConfigurationIsVisible = 0;
			defaultConfigurationName = Release;
		};
/* End XCConfigurationList section */
	};
	rootObject = 5578FD7125C25AC4007F4573 /* Project object */;
}
